
Microsoft Visual Studio Solution File, Format Version 12.00
# Visual Studio 15
VisualStudioVersion = 15.0.26430.6
MinimumVisualStudioVersion = 10.0.40219.1
Project("{FAE04EC0-301F-11D3-BF4B-00C04F79EFBC}") = "BubbleSort", "BubbleSort\BubbleSort.csproj", "{27CB6D4A-2FA0-4C38-9AA9-90B34B995472}"
EndProject
Project("{FAE04EC0-301F-11D3-BF4B-00C04F79EFBC}") = "RecursiveBubbleSort", "RecursiveBubbleSort\RecursiveBubbleSort.csproj", "{259E70E2-05D5-411A-9B39-ED611F95BB02}"
EndProject
Project("{FAE04EC0-301F-11D3-BF4B-00C04F79EFBC}") = "InsertionSort", "InsertionSort\InsertionSort.csproj", "{F87F0920-E299-4D7A-B092-CF5EC49F3766}"
EndProject
Project("{FAE04EC0-301F-11D3-BF4B-00C04F79EFBC}") = "RecursiveInsertionSort", "RecursiveInsertionSort\RecursiveInsertionSort.csproj", "{856C0435-B662-4251-B01E-00EC5919F965}"
EndProject
Project("{FAE04EC0-301F-11D3-BF4B-00C04F79EFBC}") = "SelectionSort", "SelectionSort\SelectionSort.csproj", "{4A5C43C7-0775-40D6-BFB7-3863F6A31E90}"
EndProject
Project("{FAE04EC0-301F-11D3-BF4B-00C04F79EFBC}") = "MergeSort", "MergeSort\MergeSort.csproj", "{6BB58333-35BF-4055-A237-0C754B5197BF}"
EndProject
Global
	GlobalSection(SolutionConfigurationPlatforms) = preSolution
		Debug|Any CPU = Debug|Any CPU
		Release|Any CPU = Release|Any CPU
	EndGlobalSection
	GlobalSection(ProjectConfigurationPlatforms) = postSolution
		{27CB6D4A-2FA0-4C38-9AA9-90B34B995472}.Debug|Any CPU.ActiveCfg = Debug|Any CPU
		{27CB6D4A-2FA0-4C38-9AA9-90B34B995472}.Debug|Any CPU.Build.0 = Debug|Any CPU
		{27CB6D4A-2FA0-4C38-9AA9-90B34B995472}.Release|Any CPU.ActiveCfg = Release|Any CPU
		{27CB6D4A-2FA0-4C38-9AA9-90B34B995472}.Release|Any CPU.Build.0 = Release|Any CPU
		{259E70E2-05D5-411A-9B39-ED611F95BB02}.Debug|Any CPU.ActiveCfg = Debug|Any CPU
		{259E70E2-05D5-411A-9B39-ED611F95BB02}.Debug|Any CPU.Build.0 = Debug|Any CPU
		{259E70E2-05D5-411A-9B39-ED611F95BB02}.Release|Any CPU.ActiveCfg = Release|Any CPU
		{259E70E2-05D5-411A-9B39-ED611F95BB02}.Release|Any CPU.Build.0 = Release|Any CPU
		{F87F0920-E299-4D7A-B092-CF5EC49F3766}.Debug|Any CPU.ActiveCfg = Debug|Any CPU
		{F87F0920-E299-4D7A-B092-CF5EC49F3766}.Debug|Any CPU.Build.0 = Debug|Any CPU
		{F87F0920-E299-4D7A-B092-CF5EC49F3766}.Release|Any CPU.ActiveCfg = Release|Any CPU
		{F87F0920-E299-4D7A-B092-CF5EC49F3766}.Release|Any CPU.Build.0 = Release|Any CPU
		{856C0435-B662-4251-B01E-00EC5919F965}.Debug|Any CPU.ActiveCfg = Debug|Any CPU
		{856C0435-B662-4251-B01E-00EC5919F965}.Debug|Any CPU.Build.0 = Debug|Any CPU
		{856C0435-B662-4251-B01E-00EC5919F965}.Release|Any CPU.ActiveCfg = Release|Any CPU
		{856C0435-B662-4251-B01E-00EC5919F965}.Release|Any CPU.Build.0 = Release|Any CPU
		{4A5C43C7-0775-40D6-BFB7-3863F6A31E90}.Debug|Any CPU.ActiveCfg = Debug|Any CPU
		{4A5C43C7-0775-40D6-BFB7-3863F6A31E90}.Debug|Any CPU.Build.0 = Debug|Any CPU
		{4A5C43C7-0775-40D6-BFB7-3863F6A31E90}.Release|Any CPU.ActiveCfg = Release|Any CPU
		{4A5C43C7-0775-40D6-BFB7-3863F6A31E90}.Release|Any CPU.Build.0 = Release|Any CPU
		{6BB58333-35BF-4055-A237-0C754B5197BF}.Debug|Any CPU.ActiveCfg = Debug|Any CPU
		{6BB58333-35BF-4055-A237-0C754B5197BF}.Debug|Any CPU.Build.0 = Debug|Any CPU
		{6BB58333-35BF-4055-A237-0C754B5197BF}.Release|Any CPU.ActiveCfg = Release|Any CPU
		{6BB58333-35BF-4055-A237-0C754B5197BF}.Release|Any CPU.Build.0 = Release|Any CPU
	EndGlobalSection
	GlobalSection(SolutionProperties) = preSolution
		HideSolutionNode = FALSE
	EndGlobalSection
	GlobalSection(ExtensibilityGlobals) = postSolution
		SolutionGuid = {8ECE3FE8-F899-4058-9A1E-CEB913CE9152}
	EndGlobalSection
EndGlobal
