
Microsoft Visual Studio Solution File, Format Version 12.00
# Visual Studio 15
VisualStudioVersion = 15.0.27703.2000
MinimumVisualStudioVersion = 10.0.40219.1
Project("{FAE04EC0-301F-11D3-BF4B-00C04F79EFBC}") = "BreadthFirstSearch", "BreadthFirstSearch\BreadthFirstSearch.csproj", "{080F929F-F359-4DB7-9F41-453091256DE3}"
EndProject
Project("{FAE04EC0-301F-11D3-BF4B-00C04F79EFBC}") = "DepthFirstSearch", "DepthFirstSearch\DepthFirstSearch.csproj", "{F67F91E3-2FF9-4569-ABE1-A4B7BD6C0A67}"
EndProject
Global
	GlobalSection(SolutionConfigurationPlatforms) = preSolution
		Debug|Any CPU = Debug|Any CPU
		Release|Any CPU = Release|Any CPU
	EndGlobalSection
	GlobalSection(ProjectConfigurationPlatforms) = postSolution
		{080F929F-F359-4DB7-9F41-453091256DE3}.Debug|Any CPU.ActiveCfg = Debug|Any CPU
		{080F929F-F359-4DB7-9F41-453091256DE3}.Debug|Any CPU.Build.0 = Debug|Any CPU
		{080F929F-F359-4DB7-9F41-453091256DE3}.Release|Any CPU.ActiveCfg = Release|Any CPU
		{080F929F-F359-4DB7-9F41-453091256DE3}.Release|Any CPU.Build.0 = Release|Any CPU
		{F67F91E3-2FF9-4569-ABE1-A4B7BD6C0A67}.Debug|Any CPU.ActiveCfg = Debug|Any CPU
		{F67F91E3-2FF9-4569-ABE1-A4B7BD6C0A67}.Debug|Any CPU.Build.0 = Debug|Any CPU
		{F67F91E3-2FF9-4569-ABE1-A4B7BD6C0A67}.Release|Any CPU.ActiveCfg = Release|Any CPU
		{F67F91E3-2FF9-4569-ABE1-A4B7BD6C0A67}.Release|Any CPU.Build.0 = Release|Any CPU
	EndGlobalSection
	GlobalSection(SolutionProperties) = preSolution
		HideSolutionNode = FALSE
	EndGlobalSection
	GlobalSection(ExtensibilityGlobals) = postSolution
		SolutionGuid = {72E33A70-908C-4398-8740-5F62838A76C5}
	EndGlobalSection
EndGlobal
