
Microsoft Visual Studio Solution File, Format Version 12.00
# Visual Studio 15
VisualStudioVersion = 15.0.27703.2000
MinimumVisualStudioVersion = 10.0.40219.1
Project("{FAE04EC0-301F-11D3-BF4B-00C04F79EFBC}") = "UniqueCharacters", "UniqueCharacters\UniqueCharacters.csproj", "{46F04B1D-2A2B-420A-94C9-1A81AE682342}"
EndProject
Project("{FAE04EC0-301F-11D3-BF4B-00C04F79EFBC}") = "CheckPermutation", "CheckPermutation\CheckPermutation.csproj", "{51A2F63D-56D0-4DAD-8799-2BBE4987B62B}"
EndProject
Project("{FAE04EC0-301F-11D3-BF4B-00C04F79EFBC}") = "URLify", "URLify\URLify.csproj", "{B95B2D0E-2B54-4884-8FF6-FE10F4F0F2CC}"
EndProject
Project("{FAE04EC0-301F-11D3-BF4B-00C04F79EFBC}") = "PalindromePermutation", "PalindromePermutation\PalindromePermutation.csproj", "{ADDAD4FA-F4D7-4599-B10B-5B39E762E8A2}"
EndProject
Global
	GlobalSection(SolutionConfigurationPlatforms) = preSolution
		Debug|Any CPU = Debug|Any CPU
		Release|Any CPU = Release|Any CPU
	EndGlobalSection
	GlobalSection(ProjectConfigurationPlatforms) = postSolution
		{46F04B1D-2A2B-420A-94C9-1A81AE682342}.Debug|Any CPU.ActiveCfg = Debug|Any CPU
		{46F04B1D-2A2B-420A-94C9-1A81AE682342}.Debug|Any CPU.Build.0 = Debug|Any CPU
		{46F04B1D-2A2B-420A-94C9-1A81AE682342}.Release|Any CPU.ActiveCfg = Release|Any CPU
		{46F04B1D-2A2B-420A-94C9-1A81AE682342}.Release|Any CPU.Build.0 = Release|Any CPU
		{51A2F63D-56D0-4DAD-8799-2BBE4987B62B}.Debug|Any CPU.ActiveCfg = Debug|Any CPU
		{51A2F63D-56D0-4DAD-8799-2BBE4987B62B}.Debug|Any CPU.Build.0 = Debug|Any CPU
		{51A2F63D-56D0-4DAD-8799-2BBE4987B62B}.Release|Any CPU.ActiveCfg = Release|Any CPU
		{51A2F63D-56D0-4DAD-8799-2BBE4987B62B}.Release|Any CPU.Build.0 = Release|Any CPU
		{B95B2D0E-2B54-4884-8FF6-FE10F4F0F2CC}.Debug|Any CPU.ActiveCfg = Debug|Any CPU
		{B95B2D0E-2B54-4884-8FF6-FE10F4F0F2CC}.Debug|Any CPU.Build.0 = Debug|Any CPU
		{B95B2D0E-2B54-4884-8FF6-FE10F4F0F2CC}.Release|Any CPU.ActiveCfg = Release|Any CPU
		{B95B2D0E-2B54-4884-8FF6-FE10F4F0F2CC}.Release|Any CPU.Build.0 = Release|Any CPU
		{ADDAD4FA-F4D7-4599-B10B-5B39E762E8A2}.Debug|Any CPU.ActiveCfg = Debug|Any CPU
		{ADDAD4FA-F4D7-4599-B10B-5B39E762E8A2}.Debug|Any CPU.Build.0 = Debug|Any CPU
		{ADDAD4FA-F4D7-4599-B10B-5B39E762E8A2}.Release|Any CPU.ActiveCfg = Release|Any CPU
		{ADDAD4FA-F4D7-4599-B10B-5B39E762E8A2}.Release|Any CPU.Build.0 = Release|Any CPU
	EndGlobalSection
	GlobalSection(SolutionProperties) = preSolution
		HideSolutionNode = FALSE
	EndGlobalSection
	GlobalSection(ExtensibilityGlobals) = postSolution
		SolutionGuid = {593823BB-B4CC-43AD-9AE4-CF7A85EB20A2}
	EndGlobalSection
EndGlobal
